
Microsoft Visual Studio Solution File, Format Version 12.00
# Visual Studio 15
Project("{FAE04EC0-301F-11D3-BF4B-00C04F79EFBC}") = "FootbalMatchFixtureAlgo", "FootbalMatchFixtureAlgo\FootbalMatchFixtureAlgo.csproj", "{0CB19CD8-5E61-467D-B9EB-DC0212DE07D5}"
EndProject
Global
	GlobalSection(SolutionConfigurationPlatforms) = preSolution
		Debug|Any CPU = Debug|Any CPU
		Release|Any CPU = Release|Any CPU
	EndGlobalSection
	GlobalSection(ProjectConfigurationPlatforms) = postSolution
		{0CB19CD8-5E61-467D-B9EB-DC0212DE07D5}.Debug|Any CPU.ActiveCfg = Debug|Any CPU
		{0CB19CD8-5E61-467D-B9EB-DC0212DE07D5}.Debug|Any CPU.Build.0 = Debug|Any CPU
		{0CB19CD8-5E61-467D-B9EB-DC0212DE07D5}.Release|Any CPU.ActiveCfg = Release|Any CPU
		{0CB19CD8-5E61-467D-B9EB-DC0212DE07D5}.Release|Any CPU.Build.0 = Release|Any CPU
	EndGlobalSection
EndGlobal
